
Microsoft Visual Studio Solution File, Format Version 12.00
# Visual Studio 15
VisualStudioVersion = 15.0.28307.960
MinimumVisualStudioVersion = 10.0.40219.1
Project("{FAE04EC0-301F-11D3-BF4B-00C04F79EFBC}") = "gridcontrol_extendrange", "gridcontrol_extendrange\gridcontrol_extendrange.csproj", "{44D709CF-67C8-40AF-8BA4-EF26FB0CA6F9}"
EndProject
Global
	GlobalSection(SolutionConfigurationPlatforms) = preSolution
		Debug|Any CPU = Debug|Any CPU
		Release|Any CPU = Release|Any CPU
	EndGlobalSection
	GlobalSection(ProjectConfigurationPlatforms) = postSolution
		{44D709CF-67C8-40AF-8BA4-EF26FB0CA6F9}.Debug|Any CPU.ActiveCfg = Debug|Any CPU
		{44D709CF-67C8-40AF-8BA4-EF26FB0CA6F9}.Debug|Any CPU.Build.0 = Debug|Any CPU
		{44D709CF-67C8-40AF-8BA4-EF26FB0CA6F9}.Release|Any CPU.ActiveCfg = Release|Any CPU
		{44D709CF-67C8-40AF-8BA4-EF26FB0CA6F9}.Release|Any CPU.Build.0 = Release|Any CPU
	EndGlobalSection
	GlobalSection(SolutionProperties) = preSolution
		HideSolutionNode = FALSE
	EndGlobalSection
	GlobalSection(ExtensibilityGlobals) = postSolution
		SolutionGuid = {9D56F5D0-8417-41F8-B1C2-76AAD6BADEED}
	EndGlobalSection
EndGlobal
