
Microsoft Visual Studio Solution File, Format Version 12.00
# Visual Studio 15
VisualStudioVersion = 15.0.28307.960
MinimumVisualStudioVersion = 10.0.40219.1
Project("{FAE04EC0-301F-11D3-BF4B-00C04F79EFBC}") = "gridcontrol_removerange", "gridcontrol_removerange\gridcontrol_removerange.csproj", "{CC94EACF-D5E7-49C0-85D4-9F78F1A60D5B}"
EndProject
Global
	GlobalSection(SolutionConfigurationPlatforms) = preSolution
		Debug|Any CPU = Debug|Any CPU
		Release|Any CPU = Release|Any CPU
	EndGlobalSection
	GlobalSection(ProjectConfigurationPlatforms) = postSolution
		{CC94EACF-D5E7-49C0-85D4-9F78F1A60D5B}.Debug|Any CPU.ActiveCfg = Debug|Any CPU
		{CC94EACF-D5E7-49C0-85D4-9F78F1A60D5B}.Debug|Any CPU.Build.0 = Debug|Any CPU
		{CC94EACF-D5E7-49C0-85D4-9F78F1A60D5B}.Release|Any CPU.ActiveCfg = Release|Any CPU
		{CC94EACF-D5E7-49C0-85D4-9F78F1A60D5B}.Release|Any CPU.Build.0 = Release|Any CPU
	EndGlobalSection
	GlobalSection(SolutionProperties) = preSolution
		HideSolutionNode = FALSE
	EndGlobalSection
	GlobalSection(ExtensibilityGlobals) = postSolution
		SolutionGuid = {76A8872B-9215-4461-B691-E3D3A94A2540}
	EndGlobalSection
EndGlobal
